{
  "name": "grpc-ts-web",
  "version": "0.1.9",
  "lockfileVersion": 2,
  "requires": true,
  "packages": {
    "": {
      "name": "grpc-ts-web",
      "version": "0.1.9",
      "license": "MIT",
      "dependencies": {
        "@types/google-protobuf": "^3.7.2",
        "commander": "^4.1.1",
        "google-protobuf": "^3.11.4",
        "grpc-web": "^1.0.7"
      },
      "bin": {
        "grpc-ts-web": "command.js"
      }
    },
    "node_modules/@types/google-protobuf": {
      "version": "3.7.2",
      "license": "MIT"
    },
    "node_modules/commander": {
      "version": "4.1.1",
      "resolved": "https://registry.npmjs.org/commander/-/commander-4.1.1.tgz",
      "integrity": "sha512-NOKm8xhkzAjzFx8B2v5OAHT+u5pRQc2UCa2Vq9jYL/31o2wi9mxBA7LIFs3sV5VSC49z6pEhfbMULvShKj26WA==",
      "engines": {
        "node": ">= 6"
      }
    },
    "node_modules/google-protobuf": {
      "version": "3.11.4",
      "license": "BSD-3-Clause"
    },
    "node_modules/grpc-web": {
      "version": "1.0.7",
      "license": "Apache-2.0"
    }
  },
  "dependencies": {
    "@types/google-protobuf": {
      "version": "3.7.2"
    },
    "commander": {
      "version": "4.1.1",
      "resolved": "https://registry.npmjs.org/commander/-/commander-4.1.1.tgz",
      "integrity": "sha512-NOKm8xhkzAjzFx8B2v5OAHT+u5pRQc2UCa2Vq9jYL/31o2wi9mxBA7LIFs3sV5VSC49z6pEhfbMULvShKj26WA=="
    },
    "google-protobuf": {
      "version": "3.11.4"
    },
    "grpc-web": {
      "version": "1.0.7"
    }
  }
}
